github.com/gertd/go-pluralize v0.2.0 h1:VzWNnxkUo3wkW2Nmp+3ieHSTQQ0LBHeSVxlKsQPQ+UY=
github.com/gertd/go-pluralize v0.2.0/go.mod h1:4ouO1Ndf/r7sZMorwp4Sbfw80lUni+sd+o3qJR8L9To=
github.com/gocarina/gocsv v0.0.0-20220422102445-f48ffd81e276 h1:itXwG7hIwd5UCoI4R0YsqkcjoI6Wg/m/kLhfJLLdQ/I=
github.com/gocarina/gocsv v0.0.0-20220422102445-f48ffd81e276/go.mod h1:5YoVOkjYAQumqlV356Hj3xeYh4BdZuLE0/nRkf2NKkI=
github.com/gorilla/context v1.1.1 h1:AWwleXJkX/nhcU9bZSnZoi3h/qGYqQAGhq6zZe/aQW8=
github.com/gorilla/context v1.1.1/go.mod h1:kBGZzfjB9CEq2AlWe17Uuf7NDRt0dE0s8S51q0aT7Yg=
github.com/gorilla/mux v1.8.0 h1:i40aqfkR1h2SlN9hojwV5ZA91wcXFOvkdNIeFDP5koI=
github.com/gorilla/mux v1.8.0/go.mod h1:DVbg23sWSpFRCP0SfiEN6jmj59UnW/n46BH5rLB71So=
github.com/joho/godotenv v1.4.0 h1:3l4+N6zfMWnkbPEXKng2o2/MR5mSwTrBih4ZEkkz1lg=
github.com/joho/godotenv v1.4.0/go.mod h1:f4LDr5Voq0i2e/R5DDNOoa2zzDfwtkZa6DnEwAbqwq4=
golang.org/x/exp v0.0.0-20220428152302-39d4317da171 h1:TfdoLivD44QwvssI9Sv1xwa5DcL5XQr4au4sZ2F2NV4=
golang.org/x/exp v0.0.0-20220428152302-39d4317da171/go.mod h1:lgLbSvA5ygNOMpwM/9anMpWVlVJ7Z+cHWq/eFuinpGE=
